
Microsoft Visual Studio Solution File, Format Version 12.00
# Visual Studio 15
VisualStudioVersion = 15.0.28307.1622
MinimumVisualStudioVersion = 10.0.40219.1
Project("{8BC9CEB8-8B4A-11D0-8D11-00A0C91BC942}") = "SG_PDF2TXT", "SG_PDF2TXT\SG_PDF2TXT.vcxproj", "{408B009D-02E4-4826-B192-97D2F1983B43}"
EndProject
Global
	GlobalSection(SolutionConfigurationPlatforms) = preSolution
		Debug|x86 = Debug|x86
		Release|x86 = Release|x86
	EndGlobalSection
	GlobalSection(ProjectConfigurationPlatforms) = postSolution
		{408B009D-02E4-4826-B192-97D2F1983B43}.Debug|x86.ActiveCfg = Debug|Win32
		{408B009D-02E4-4826-B192-97D2F1983B43}.Debug|x86.Build.0 = Debug|Win32
		{408B009D-02E4-4826-B192-97D2F1983B43}.Release|x86.ActiveCfg = Release|Win32
		{408B009D-02E4-4826-B192-97D2F1983B43}.Release|x86.Build.0 = Release|Win32
	EndGlobalSection
	GlobalSection(SolutionProperties) = preSolution
		HideSolutionNode = FALSE
	EndGlobalSection
	GlobalSection(ExtensibilityGlobals) = postSolution
		SolutionGuid = {39ADBAC9-6CB5-4DE5-8713-980354829AE9}
	EndGlobalSection
EndGlobal
